
Microsoft Visual Studio Solution File, Format Version 11.00
# Visual Studio 2010
Project("{FAE04EC0-301F-11D3-BF4B-00C04F79EFBC}") = "Login", "Login\Login.csproj", "{DEB215E9-4A3A-4EA8-8D28-786AB854EE20}"
EndProject
Project("{FAE04EC0-301F-11D3-BF4B-00C04F79EFBC}") = "Login.Controle", "Login.Controle\Login.Controle.csproj", "{DCCDEF29-0A61-46F8-9FEA-E22855DDF728}"
EndProject
Project("{FAE04EC0-301F-11D3-BF4B-00C04F79EFBC}") = "Login.Modelo", "Login.Modelo\Login.Modelo.csproj", "{2669B3B3-B4C1-4A21-8B34-9A8C4E963E46}"
EndProject
Global
	GlobalSection(SolutionConfigurationPlatforms) = preSolution
		Debug|Any CPU = Debug|Any CPU
		Debug|Mixed Platforms = Debug|Mixed Platforms
		Debug|x86 = Debug|x86
		Release|Any CPU = Release|Any CPU
		Release|Mixed Platforms = Release|Mixed Platforms
		Release|x86 = Release|x86
	EndGlobalSection
	GlobalSection(ProjectConfigurationPlatforms) = postSolution
		{DEB215E9-4A3A-4EA8-8D28-786AB854EE20}.Debug|Any CPU.ActiveCfg = Debug|x86
		{DEB215E9-4A3A-4EA8-8D28-786AB854EE20}.Debug|Mixed Platforms.ActiveCfg = Debug|x86
		{DEB215E9-4A3A-4EA8-8D28-786AB854EE20}.Debug|Mixed Platforms.Build.0 = Debug|x86
		{DEB215E9-4A3A-4EA8-8D28-786AB854EE20}.Debug|x86.ActiveCfg = Debug|x86
		{DEB215E9-4A3A-4EA8-8D28-786AB854EE20}.Debug|x86.Build.0 = Debug|x86
		{DEB215E9-4A3A-4EA8-8D28-786AB854EE20}.Release|Any CPU.ActiveCfg = Release|x86
		{DEB215E9-4A3A-4EA8-8D28-786AB854EE20}.Release|Mixed Platforms.ActiveCfg = Release|x86
		{DEB215E9-4A3A-4EA8-8D28-786AB854EE20}.Release|Mixed Platforms.Build.0 = Release|x86
		{DEB215E9-4A3A-4EA8-8D28-786AB854EE20}.Release|x86.ActiveCfg = Release|x86
		{DEB215E9-4A3A-4EA8-8D28-786AB854EE20}.Release|x86.Build.0 = Release|x86
		{DCCDEF29-0A61-46F8-9FEA-E22855DDF728}.Debug|Any CPU.ActiveCfg = Debug|Any CPU
		{DCCDEF29-0A61-46F8-9FEA-E22855DDF728}.Debug|Any CPU.Build.0 = Debug|Any CPU
		{DCCDEF29-0A61-46F8-9FEA-E22855DDF728}.Debug|Mixed Platforms.ActiveCfg = Debug|Any CPU
		{DCCDEF29-0A61-46F8-9FEA-E22855DDF728}.Debug|Mixed Platforms.Build.0 = Debug|Any CPU
		{DCCDEF29-0A61-46F8-9FEA-E22855DDF728}.Debug|x86.ActiveCfg = Debug|Any CPU
		{DCCDEF29-0A61-46F8-9FEA-E22855DDF728}.Release|Any CPU.ActiveCfg = Release|Any CPU
		{DCCDEF29-0A61-46F8-9FEA-E22855DDF728}.Release|Any CPU.Build.0 = Release|Any CPU
		{DCCDEF29-0A61-46F8-9FEA-E22855DDF728}.Release|Mixed Platforms.ActiveCfg = Release|Any CPU
		{DCCDEF29-0A61-46F8-9FEA-E22855DDF728}.Release|Mixed Platforms.Build.0 = Release|Any CPU
		{DCCDEF29-0A61-46F8-9FEA-E22855DDF728}.Release|x86.ActiveCfg = Release|Any CPU
		{2669B3B3-B4C1-4A21-8B34-9A8C4E963E46}.Debug|Any CPU.ActiveCfg = Debug|Any CPU
		{2669B3B3-B4C1-4A21-8B34-9A8C4E963E46}.Debug|Any CPU.Build.0 = Debug|Any CPU
		{2669B3B3-B4C1-4A21-8B34-9A8C4E963E46}.Debug|Mixed Platforms.ActiveCfg = Debug|Any CPU
		{2669B3B3-B4C1-4A21-8B34-9A8C4E963E46}.Debug|Mixed Platforms.Build.0 = Debug|Any CPU
		{2669B3B3-B4C1-4A21-8B34-9A8C4E963E46}.Debug|x86.ActiveCfg = Debug|Any CPU
		{2669B3B3-B4C1-4A21-8B34-9A8C4E963E46}.Release|Any CPU.ActiveCfg = Release|Any CPU
		{2669B3B3-B4C1-4A21-8B34-9A8C4E963E46}.Release|Any CPU.Build.0 = Release|Any CPU
		{2669B3B3-B4C1-4A21-8B34-9A8C4E963E46}.Release|Mixed Platforms.ActiveCfg = Release|Any CPU
		{2669B3B3-B4C1-4A21-8B34-9A8C4E963E46}.Release|Mixed Platforms.Build.0 = Release|Any CPU
		{2669B3B3-B4C1-4A21-8B34-9A8C4E963E46}.Release|x86.ActiveCfg = Release|Any CPU
	EndGlobalSection
	GlobalSection(SolutionProperties) = preSolution
		HideSolutionNode = FALSE
	EndGlobalSection
EndGlobal
